
Microsoft Visual Studio Solution File, Format Version 12.00
# Visual Studio Version 17
VisualStudioVersion = 17.7.34031.279
MinimumVisualStudioVersion = 10.0.40219.1
Project("{8BC9CEB8-8B4A-11D0-8D11-00A0C91BC942}") = "Let's SP 2018184042", "Let's SP 2018184042.vcxproj", "{B90FEEC2-4C9A-4E93-AE34-7FCF695FFF2F}"
EndProject
Global
	GlobalSection(SolutionConfigurationPlatforms) = preSolution
		Debug|x64 = Debug|x64
		Debug|x86 = Debug|x86
		Release|x64 = Release|x64
		Release|x86 = Release|x86
	EndGlobalSection
	GlobalSection(ProjectConfigurationPlatforms) = postSolution
		{B90FEEC2-4C9A-4E93-AE34-7FCF695FFF2F}.Debug|x64.ActiveCfg = Debug|x64
		{B90FEEC2-4C9A-4E93-AE34-7FCF695FFF2F}.Debug|x64.Build.0 = Debug|x64
		{B90FEEC2-4C9A-4E93-AE34-7FCF695FFF2F}.Debug|x86.ActiveCfg = Debug|Win32
		{B90FEEC2-4C9A-4E93-AE34-7FCF695FFF2F}.Debug|x86.Build.0 = Debug|Win32
		{B90FEEC2-4C9A-4E93-AE34-7FCF695FFF2F}.Release|x64.ActiveCfg = Release|x64
		{B90FEEC2-4C9A-4E93-AE34-7FCF695FFF2F}.Release|x64.Build.0 = Release|x64
		{B90FEEC2-4C9A-4E93-AE34-7FCF695FFF2F}.Release|x86.ActiveCfg = Release|Win32
		{B90FEEC2-4C9A-4E93-AE34-7FCF695FFF2F}.Release|x86.Build.0 = Release|Win32
	EndGlobalSection
	GlobalSection(SolutionProperties) = preSolution
		HideSolutionNode = FALSE
	EndGlobalSection
	GlobalSection(ExtensibilityGlobals) = postSolution
		SolutionGuid = {4D972FFE-371F-4818-B79C-8B3AF0E5479F}
	EndGlobalSection
EndGlobal
